Microsoft Visual Studio Solution File, Format Version 12.00
# Visual Studio Version 16
VisualStudioVersion = 16.0.29609.76
MinimumVisualStudioVersion = 10.0.40219.1
Project("{FAE04EC0-301F-11D3-BF4B-00C04F79EFBC}") = "0001-List", "0001-List\0001-List.csproj", "{6526BC74-E4F8-48AD-83FE-F74B987A102A}"
EndProject
Project("{FAE04EC0-301F-11D3-BF4B-00C04F79EFBC}") = "0002-Stack", "0002-Stack\0002-Stack.csproj", "{AEDBE69A-14CF-4440-B595-3B8696B1F6B9}"
EndProject
Project("{FAE04EC0-301F-11D3-BF4B-00C04F79EFBC}") = "0003-Queue", "0003-Queue\0003-Queue.csproj", "{3606BD46-81E3-40A0-8622-524DE8F073EF}"
EndProject
Project("{FAE04EC0-301F-11D3-BF4B-00C04F79EFBC}") = "0004-String", "0004-String\0004-String.csproj", "{60C379FB-9379-4461-8E59-180EFB123BDC}"
EndProject
Project("{FAE04EC0-301F-11D3-BF4B-00C04F79EFBC}") = "0005-InsertSort", "0005-InsertSort\0005-InsertSort.csproj", "{E933800D-C22B-4607-9185-D5933E5FE188}"
EndProject
Project("{FAE04EC0-301F-11D3-BF4B-00C04F79EFBC}") = "0006-SelectSort", "0006-SelectSort\0006-SelectSort.csproj", "{218372CF-7ACA-4E2A-A4C8-A723347D4F20}"
EndProject
Project("{FAE04EC0-301F-11D3-BF4B-00C04F79EFBC}") = "0007-QuickSort", "0007-QuickSort\0007-QuickSort.csproj", "{BE08A10E-EF27-47ED-8CBF-6D9515803E62}"
EndProject
Project("{FAE04EC0-301F-11D3-BF4B-00C04F79EFBC}") = "0008-MergeSort", "0008-MergeSort\0008-MergeSort.csproj", "{9FE9FC80-7CE6-47EE-A2EF-2A644A4A85F1}"
EndProject
Project("{FAE04EC0-301F-11D3-BF4B-00C04F79EFBC}") = "0009-FindLargestSubArray", "0009-FindLargestSubArray\0009-FindLargestSubArray.csproj", "{F0A30A8B-3F74-4446-B410-49E9A81AB12D}"
EndProject
Project("{FAE04EC0-301F-11D3-BF4B-00C04F79EFBC}") = "0010-EncodeAndDecode", "0010-EncodeAndDecode\0010-EncodeAndDecode.csproj", "{0F752591-669B-49E4-AA88-00D90A18F395}"
EndProject
Project("{FAE04EC0-301F-11D3-BF4B-00C04F79EFBC}") = "0011-MaxStack", "00011-MaxStack\0011-MaxStack.csproj", "{610A965A-CFD7-442D-9293-0F3F95C9E3BF}"
EndProject
Project("{FAE04EC0-301F-11D3-BF4B-00C04F79EFBC}") = "0012-UniqueMorseCodeWords", "0012-UniqueMorseCodeWords\0012-UniqueMorseCodeWords.csproj", "{0AA4A31E-236A-49D2-8999-79A17C523B85}"
EndProject
Project("{FAE04EC0-301F-11D3-BF4B-00C04F79EFBC}") = "0013-UniqueEmailAddresses", "0013-UniqueEmailAddresses\0013-UniqueEmailAddresses.csproj", "{C70B12A5-DAFC-45F1-9334-BDF7190A6B6D}"
EndProject
Project("{FAE04EC0-301F-11D3-BF4B-00C04F79EFBC}") = "0014-BinaryTree", "0014-BinaryTree\0014-BinaryTree.csproj", "{521368C5-CD5C-4503-B60D-096E81A97DAE}"
EndProject
Project("{FAE04EC0-301F-11D3-BF4B-00C04F79EFBC}") = "0015-HammingDistance", "0015-HammingDistance\0015-HammingDistance.csproj", "{8CC8E18F-BED4-4B2F-84A1-776708227F1B}"
EndProject
Project("{FAE04EC0-301F-11D3-BF4B-00C04F79EFBC}") = "0016-RangeSumOfBST", "0016-RangeSumOfBST\0016-RangeSumOfBST.csproj", "{6CBD4039-CDF9-4CCD-8E95-14510A8CC0DD}"
EndProject
Project("{FAE04EC0-301F-11D3-BF4B-00C04F79EFBC}") = "0017-BinaryHeap", "0017-BinaryHeap\0017-BinaryHeap.csproj", "{5864486A-96BB-4E49-A247-9950E926DE6F}"
EndProject
Project("{FAE04EC0-301F-11D3-BF4B-00C04F79EFBC}") = "0018-MaxIncreaseToKeepCitySkyline", "0018-MaxIncreaseToKeepCitySkyline\0018-MaxIncreaseToKeepCitySkyline.csproj", "{904B0464-DBAA-4AE5-AE9F-E8984D177A1F}"
EndProject
Project("{9A19103F-16F7-4668-BE54-9A1E7A4F7556}") = "0019-LRU-Cache", "0019-LRU-Cache\0019-LRU-Cache.csproj", "{3BD8374E-2112-4845-AAE7-E87184A78655}"
EndProject
Project("{FAE04EC0-301F-11D3-BF4B-00C04F79EFBC}") = "0020-DynamicProgramming", "0020-DynamicProgramming\0020-DynamicProgramming.csproj", "{8E6DB216-A813-41AD-AB74-13C718058232}"
EndProject
Project("{FAE04EC0-301F-11D3-BF4B-00C04F79EFBC}") = "0021-RevealcardsInIncreasingOrder", "0021-RevealcardsInIncreasingOrder\0021-RevealcardsInIncreasingOrder.csproj", "{3340A748-A0D8-46A9-AE48-F6034FC40E9C}"
EndProject
Project("{FAE04EC0-301F-11D3-BF4B-00C04F79EFBC}") = "0022-EventChoiceProblem", "0022-EventChoiceProblem\0022-EventChoiceProblem.csproj", "{CB47C93A-0859-4349-8DA7-60C714B27ADC}"
EndProject
Project("{FAE04EC0-301F-11D3-BF4B-00C04F79EFBC}") = "0023-ChangeProblem", "0023-ChangeProblem\0023-ChangeProblem.csproj", "{68450A11-418C-445F-B6A7-1C484FA6DA5B}"
EndProject
Project("{FAE04EC0-301F-11D3-BF4B-00C04F79EFBC}") = "0024-FindPermutationLocation", "0024-FindPermutationLocation\0024-FindPermutationLocation.csproj", "{ACC13D1D-E5E5-4EC3-AE95-77BB6DB20FC3}"
EndProject
Project("{FAE04EC0-301F-11D3-BF4B-00C04F79EFBC}") = "0025-QueueViaStacks", "0025-QueueViaStacks\0025-QueueViaStacks.csproj", "{72B17079-B4A1-4C1B-B731-E99B4DBB3937}"
EndProject
Project("{FAE04EC0-301F-11D3-BF4B-00C04F79EFBC}") = "0026-SortStack", "0026-SortStack\0026-SortStack.csproj", "{3EDDBE57-BED2-42E7-B785-80C2E8573B8D}"
EndProject
Project("{FAE04EC0-301F-11D3-BF4B-00C04F79EFBC}") = "0027-StackOfPlates", "0027-StackOfPlates\0027-StackOfPlates.csproj", "{0A6B61D6-9978-4330-A06D-A0A231E685A3}"
EndProject
Project("{FAE04EC0-301F-11D3-BF4B-00C04F79EFBC}") = "0028-ThreeInOne-MultiStack", "0028-ThreeInOne-MultiStack\0028-ThreeInOne-MultiStack.csproj", "{12F865AB-88FE-4D76-B8F4-26BE225651A6}"
EndProject
Project("{9A19103F-16F7-4668-BE54-9A1E7A4F7556}") = "0029-MoveZeroes", "0029-MoveZeroes\0029-MoveZeroes.csproj", "{085760B4-BCBB-4214-A0E2-96693F52BD4C}"
EndProject
Project("{9A19103F-16F7-4668-BE54-9A1E7A4F7556}") = "0030-ContainerWithMostWater", "0030-ContainerWithMostWater\0030-ContainerWithMostWater.csproj", "{F7AEF38C-5CCA-47F1-9E60-EC693535756F}"
EndProject
Project("{9A19103F-16F7-4668-BE54-9A1E7A4F7556}") = "0031-ClimbingStairs", "0031-ClimbingStairs\0031-ClimbingStairs.csproj", "{62AD6E39-81DE-4CFE-9176-338BFF416B27}"
EndProject
Project("{9A19103F-16F7-4668-BE54-9A1E7A4F7556}") = "0032-3Sum", "0032-3Sum\0032-3Sum.csproj", "{E17101C0-8AF1-4BC6-B020-957C5E308269}"
EndProject
Project("{FAE04EC0-301F-11D3-BF4B-00C04F79EFBC}") = "0033-ValidParentheses", "0033-ValidParentheses\0033-ValidParentheses.csproj", "{FD4A877B-537D-4B47-9549-571DE53ED669}"
EndProject
Project("{FAE04EC0-301F-11D3-BF4B-00C04F79EFBC}") = "0034-LargestRectangleInHistogram", "0034-LargestRectangleInHistogram\0034-LargestRectangleInHistogram.csproj", "{B0ACF8D9-701E-4941-A2EE-4736BF4526AD}"
EndProject
Global
	GlobalSection(SolutionConfigurationPlatforms) = preSolution
		Debug|Any CPU = Debug|Any CPU
		Debug|x86 = Debug|x86
		Release|Any CPU = Release|Any CPU
		Release|x86 = Release|x86
	EndGlobalSection
	GlobalSection(ProjectConfigurationPlatforms) = postSolution
		{6526BC74-E4F8-48AD-83FE-F74B987A102A}.Debug|Any CPU.ActiveCfg = Debug|x86
		{6526BC74-E4F8-48AD-83FE-F74B987A102A}.Debug|x86.ActiveCfg = Debug|x86
		{6526BC74-E4F8-48AD-83FE-F74B987A102A}.Debug|x86.Build.0 = Debug|x86
		{6526BC74-E4F8-48AD-83FE-F74B987A102A}.Release|Any CPU.ActiveCfg = Release|x86
		{6526BC74-E4F8-48AD-83FE-F74B987A102A}.Release|x86.ActiveCfg = Release|x86
		{6526BC74-E4F8-48AD-83FE-F74B987A102A}.Release|x86.Build.0 = Release|x86
		{AEDBE69A-14CF-4440-B595-3B8696B1F6B9}.Debug|Any CPU.ActiveCfg = Debug|x86
		{AEDBE69A-14CF-4440-B595-3B8696B1F6B9}.Debug|x86.ActiveCfg = Debug|x86
		{AEDBE69A-14CF-4440-B595-3B8696B1F6B9}.Debug|x86.Build.0 = Debug|x86
		{AEDBE69A-14CF-4440-B595-3B8696B1F6B9}.Release|Any CPU.ActiveCfg = Release|x86
		{AEDBE69A-14CF-4440-B595-3B8696B1F6B9}.Release|x86.ActiveCfg = Release|x86
		{AEDBE69A-14CF-4440-B595-3B8696B1F6B9}.Release|x86.Build.0 = Release|x86
		{3606BD46-81E3-40A0-8622-524DE8F073EF}.Debug|Any CPU.ActiveCfg = Debug|x86
		{3606BD46-81E3-40A0-8622-524DE8F073EF}.Debug|x86.ActiveCfg = Debug|x86
		{3606BD46-81E3-40A0-8622-524DE8F073EF}.Debug|x86.Build.0 = Debug|x86
		{3606BD46-81E3-40A0-8622-524DE8F073EF}.Release|Any CPU.ActiveCfg = Release|x86
		{3606BD46-81E3-40A0-8622-524DE8F073EF}.Release|x86.ActiveCfg = Release|x86
		{3606BD46-81E3-40A0-8622-524DE8F073EF}.Release|x86.Build.0 = Release|x86
		{60C379FB-9379-4461-8E59-180EFB123BDC}.Debug|Any CPU.ActiveCfg = Debug|x86
		{60C379FB-9379-4461-8E59-180EFB123BDC}.Debug|x86.ActiveCfg = Debug|x86
		{60C379FB-9379-4461-8E59-180EFB123BDC}.Debug|x86.Build.0 = Debug|x86
		{60C379FB-9379-4461-8E59-180EFB123BDC}.Release|Any CPU.ActiveCfg = Release|x86
		{60C379FB-9379-4461-8E59-180EFB123BDC}.Release|x86.ActiveCfg = Release|x86
		{60C379FB-9379-4461-8E59-180EFB123BDC}.Release|x86.Build.0 = Release|x86
		{E933800D-C22B-4607-9185-D5933E5FE188}.Debug|Any CPU.ActiveCfg = Debug|x86
		{E933800D-C22B-4607-9185-D5933E5FE188}.Debug|x86.ActiveCfg = Debug|x86
		{E933800D-C22B-4607-9185-D5933E5FE188}.Debug|x86.Build.0 = Debug|x86
		{E933800D-C22B-4607-9185-D5933E5FE188}.Release|Any CPU.ActiveCfg = Release|x86
		{E933800D-C22B-4607-9185-D5933E5FE188}.Release|x86.ActiveCfg = Release|x86
		{E933800D-C22B-4607-9185-D5933E5FE188}.Release|x86.Build.0 = Release|x86
		{218372CF-7ACA-4E2A-A4C8-A723347D4F20}.Debug|Any CPU.ActiveCfg = Debug|x86
		{218372CF-7ACA-4E2A-A4C8-A723347D4F20}.Debug|x86.ActiveCfg = Debug|x86
		{218372CF-7ACA-4E2A-A4C8-A723347D4F20}.Debug|x86.Build.0 = Debug|x86
		{218372CF-7ACA-4E2A-A4C8-A723347D4F20}.Release|Any CPU.ActiveCfg = Release|x86
		{218372CF-7ACA-4E2A-A4C8-A723347D4F20}.Release|x86.ActiveCfg = Release|x86
		{218372CF-7ACA-4E2A-A4C8-A723347D4F20}.Release|x86.Build.0 = Release|x86
		{BE08A10E-EF27-47ED-8CBF-6D9515803E62}.Debug|Any CPU.ActiveCfg = Debug|x86
		{BE08A10E-EF27-47ED-8CBF-6D9515803E62}.Debug|x86.ActiveCfg = Debug|x86
		{BE08A10E-EF27-47ED-8CBF-6D9515803E62}.Debug|x86.Build.0 = Debug|x86
		{BE08A10E-EF27-47ED-8CBF-6D9515803E62}.Release|Any CPU.ActiveCfg = Release|x86
		{BE08A10E-EF27-47ED-8CBF-6D9515803E62}.Release|x86.ActiveCfg = Release|x86
		{BE08A10E-EF27-47ED-8CBF-6D9515803E62}.Release|x86.Build.0 = Release|x86
		{9FE9FC80-7CE6-47EE-A2EF-2A644A4A85F1}.Debug|Any CPU.ActiveCfg = Debug|x86
		{9FE9FC80-7CE6-47EE-A2EF-2A644A4A85F1}.Debug|x86.ActiveCfg = Debug|x86
		{9FE9FC80-7CE6-47EE-A2EF-2A644A4A85F1}.Debug|x86.Build.0 = Debug|x86
		{9FE9FC80-7CE6-47EE-A2EF-2A644A4A85F1}.Release|Any CPU.ActiveCfg = Release|x86
		{9FE9FC80-7CE6-47EE-A2EF-2A644A4A85F1}.Release|x86.ActiveCfg = Release|x86
		{9FE9FC80-7CE6-47EE-A2EF-2A644A4A85F1}.Release|x86.Build.0 = Release|x86
		{F0A30A8B-3F74-4446-B410-49E9A81AB12D}.Debug|Any CPU.ActiveCfg = Debug|x86
		{F0A30A8B-3F74-4446-B410-49E9A81AB12D}.Debug|x86.ActiveCfg = Debug|x86
		{F0A30A8B-3F74-4446-B410-49E9A81AB12D}.Debug|x86.Build.0 = Debug|x86
		{F0A30A8B-3F74-4446-B410-49E9A81AB12D}.Release|Any CPU.ActiveCfg = Release|x86
		{F0A30A8B-3F74-4446-B410-49E9A81AB12D}.Release|x86.ActiveCfg = Release|x86
		{F0A30A8B-3F74-4446-B410-49E9A81AB12D}.Release|x86.Build.0 = Release|x86
		{0F752591-669B-49E4-AA88-00D90A18F395}.Debug|Any CPU.ActiveCfg = Debug|x86
		{0F752591-669B-49E4-AA88-00D90A18F395}.Debug|x86.ActiveCfg = Debug|x86
		{0F752591-669B-49E4-AA88-00D90A18F395}.Debug|x86.Build.0 = Debug|x86
		{0F752591-669B-49E4-AA88-00D90A18F395}.Release|Any CPU.ActiveCfg = Release|x86
		{0F752591-669B-49E4-AA88-00D90A18F395}.Release|x86.ActiveCfg = Release|x86
		{0F752591-669B-49E4-AA88-00D90A18F395}.Release|x86.Build.0 = Release|x86
		{610A965A-CFD7-442D-9293-0F3F95C9E3BF}.Debug|Any CPU.ActiveCfg = Debug|x86
		{610A965A-CFD7-442D-9293-0F3F95C9E3BF}.Debug|x86.ActiveCfg = Debug|x86
		{610A965A-CFD7-442D-9293-0F3F95C9E3BF}.Debug|x86.Build.0 = Debug|x86
		{610A965A-CFD7-442D-9293-0F3F95C9E3BF}.Release|Any CPU.ActiveCfg = Release|x86
		{610A965A-CFD7-442D-9293-0F3F95C9E3BF}.Release|x86.ActiveCfg = Release|x86
		{610A965A-CFD7-442D-9293-0F3F95C9E3BF}.Release|x86.Build.0 = Release|x86
		{0AA4A31E-236A-49D2-8999-79A17C523B85}.Debug|Any CPU.ActiveCfg = Debug|x86
		{0AA4A31E-236A-49D2-8999-79A17C523B85}.Debug|x86.ActiveCfg = Debug|x86
		{0AA4A31E-236A-49D2-8999-79A17C523B85}.Debug|x86.Build.0 = Debug|x86
		{0AA4A31E-236A-49D2-8999-79A17C523B85}.Release|Any CPU.ActiveCfg = Release|x86
		{0AA4A31E-236A-49D2-8999-79A17C523B85}.Release|x86.ActiveCfg = Release|x86
		{0AA4A31E-236A-49D2-8999-79A17C523B85}.Release|x86.Build.0 = Release|x86
		{C70B12A5-DAFC-45F1-9334-BDF7190A6B6D}.Debug|Any CPU.ActiveCfg = Debug|x86
		{C70B12A5-DAFC-45F1-9334-BDF7190A6B6D}.Debug|x86.ActiveCfg = Debug|x86
		{C70B12A5-DAFC-45F1-9334-BDF7190A6B6D}.Debug|x86.Build.0 = Debug|x86
		{C70B12A5-DAFC-45F1-9334-BDF7190A6B6D}.Release|Any CPU.ActiveCfg = Release|x86
		{C70B12A5-DAFC-45F1-9334-BDF7190A6B6D}.Release|x86.ActiveCfg = Release|x86
		{C70B12A5-DAFC-45F1-9334-BDF7190A6B6D}.Release|x86.Build.0 = Release|x86
		{521368C5-CD5C-4503-B60D-096E81A97DAE}.Debug|Any CPU.ActiveCfg = Debug|x86
		{521368C5-CD5C-4503-B60D-096E81A97DAE}.Debug|x86.ActiveCfg = Debug|x86
		{521368C5-CD5C-4503-B60D-096E81A97DAE}.Debug|x86.Build.0 = Debug|x86
		{521368C5-CD5C-4503-B60D-096E81A97DAE}.Release|Any CPU.ActiveCfg = Release|x86
		{521368C5-CD5C-4503-B60D-096E81A97DAE}.Release|x86.ActiveCfg = Release|x86
		{521368C5-CD5C-4503-B60D-096E81A97DAE}.Release|x86.Build.0 = Release|x86
		{8CC8E18F-BED4-4B2F-84A1-776708227F1B}.Debug|Any CPU.ActiveCfg = Debug|x86
		{8CC8E18F-BED4-4B2F-84A1-776708227F1B}.Debug|x86.ActiveCfg = Debug|x86
		{8CC8E18F-BED4-4B2F-84A1-776708227F1B}.Debug|x86.Build.0 = Debug|x86
		{8CC8E18F-BED4-4B2F-84A1-776708227F1B}.Release|Any CPU.ActiveCfg = Release|x86
		{8CC8E18F-BED4-4B2F-84A1-776708227F1B}.Release|x86.ActiveCfg = Release|x86
		{8CC8E18F-BED4-4B2F-84A1-776708227F1B}.Release|x86.Build.0 = Release|x86
		{6CBD4039-CDF9-4CCD-8E95-14510A8CC0DD}.Debug|Any CPU.ActiveCfg = Debug|x86
		{6CBD4039-CDF9-4CCD-8E95-14510A8CC0DD}.Debug|x86.ActiveCfg = Debug|x86
		{6CBD4039-CDF9-4CCD-8E95-14510A8CC0DD}.Debug|x86.Build.0 = Debug|x86
		{6CBD4039-CDF9-4CCD-8E95-14510A8CC0DD}.Release|Any CPU.ActiveCfg = Release|x86
		{6CBD4039-CDF9-4CCD-8E95-14510A8CC0DD}.Release|x86.ActiveCfg = Release|x86
		{6CBD4039-CDF9-4CCD-8E95-14510A8CC0DD}.Release|x86.Build.0 = Release|x86
		{5864486A-96BB-4E49-A247-9950E926DE6F}.Debug|Any CPU.ActiveCfg = Debug|x86
		{5864486A-96BB-4E49-A247-9950E926DE6F}.Debug|x86.ActiveCfg = Debug|x86
		{5864486A-96BB-4E49-A247-9950E926DE6F}.Debug|x86.Build.0 = Debug|x86
		{5864486A-96BB-4E49-A247-9950E926DE6F}.Release|Any CPU.ActiveCfg = Release|x86
		{5864486A-96BB-4E49-A247-9950E926DE6F}.Release|x86.ActiveCfg = Release|x86
		{5864486A-96BB-4E49-A247-9950E926DE6F}.Release|x86.Build.0 = Release|x86
		{904B0464-DBAA-4AE5-AE9F-E8984D177A1F}.Debug|Any CPU.ActiveCfg = Debug|x86
		{904B0464-DBAA-4AE5-AE9F-E8984D177A1F}.Debug|x86.ActiveCfg = Debug|x86
		{904B0464-DBAA-4AE5-AE9F-E8984D177A1F}.Debug|x86.Build.0 = Debug|x86
		{904B0464-DBAA-4AE5-AE9F-E8984D177A1F}.Release|Any CPU.ActiveCfg = Release|x86
		{904B0464-DBAA-4AE5-AE9F-E8984D177A1F}.Release|x86.ActiveCfg = Release|x86
		{904B0464-DBAA-4AE5-AE9F-E8984D177A1F}.Release|x86.Build.0 = Release|x86
		{3BD8374E-2112-4845-AAE7-E87184A78655}.Debug|Any CPU.ActiveCfg = Debug|Any CPU
		{3BD8374E-2112-4845-AAE7-E87184A78655}.Debug|Any CPU.Build.0 = Debug|Any CPU
		{3BD8374E-2112-4845-AAE7-E87184A78655}.Debug|x86.ActiveCfg = Debug|Any CPU
		{3BD8374E-2112-4845-AAE7-E87184A78655}.Debug|x86.Build.0 = Debug|Any CPU
		{3BD8374E-2112-4845-AAE7-E87184A78655}.Release|Any CPU.ActiveCfg = Release|Any CPU
		{3BD8374E-2112-4845-AAE7-E87184A78655}.Release|Any CPU.Build.0 = Release|Any CPU
		{3BD8374E-2112-4845-AAE7-E87184A78655}.Release|x86.ActiveCfg = Release|Any CPU
		{3BD8374E-2112-4845-AAE7-E87184A78655}.Release|x86.Build.0 = Release|Any CPU
		{8E6DB216-A813-41AD-AB74-13C718058232}.Debug|Any CPU.ActiveCfg = Debug|x86
		{8E6DB216-A813-41AD-AB74-13C718058232}.Debug|x86.ActiveCfg = Debug|x86
		{8E6DB216-A813-41AD-AB74-13C718058232}.Debug|x86.Build.0 = Debug|x86
		{8E6DB216-A813-41AD-AB74-13C718058232}.Release|Any CPU.ActiveCfg = Release|x86
		{8E6DB216-A813-41AD-AB74-13C718058232}.Release|x86.ActiveCfg = Release|x86
		{8E6DB216-A813-41AD-AB74-13C718058232}.Release|x86.Build.0 = Release|x86
		{3340A748-A0D8-46A9-AE48-F6034FC40E9C}.Debug|Any CPU.ActiveCfg = Debug|x86
		{3340A748-A0D8-46A9-AE48-F6034FC40E9C}.Debug|x86.ActiveCfg = Debug|x86
		{3340A748-A0D8-46A9-AE48-F6034FC40E9C}.Debug|x86.Build.0 = Debug|x86
		{3340A748-A0D8-46A9-AE48-F6034FC40E9C}.Release|Any CPU.ActiveCfg = Release|x86
		{3340A748-A0D8-46A9-AE48-F6034FC40E9C}.Release|x86.ActiveCfg = Release|x86
		{3340A748-A0D8-46A9-AE48-F6034FC40E9C}.Release|x86.Build.0 = Release|x86
		{CB47C93A-0859-4349-8DA7-60C714B27ADC}.Debug|Any CPU.ActiveCfg = Debug|x86
		{CB47C93A-0859-4349-8DA7-60C714B27ADC}.Debug|x86.ActiveCfg = Debug|x86
		{CB47C93A-0859-4349-8DA7-60C714B27ADC}.Debug|x86.Build.0 = Debug|x86
		{CB47C93A-0859-4349-8DA7-60C714B27ADC}.Release|Any CPU.ActiveCfg = Release|x86
		{CB47C93A-0859-4349-8DA7-60C714B27ADC}.Release|x86.ActiveCfg = Release|x86
		{CB47C93A-0859-4349-8DA7-60C714B27ADC}.Release|x86.Build.0 = Release|x86
		{68450A11-418C-445F-B6A7-1C484FA6DA5B}.Debug|Any CPU.ActiveCfg = Debug|x86
		{68450A11-418C-445F-B6A7-1C484FA6DA5B}.Debug|x86.ActiveCfg = Debug|x86
		{68450A11-418C-445F-B6A7-1C484FA6DA5B}.Debug|x86.Build.0 = Debug|x86
		{68450A11-418C-445F-B6A7-1C484FA6DA5B}.Release|Any CPU.ActiveCfg = Release|x86
		{68450A11-418C-445F-B6A7-1C484FA6DA5B}.Release|x86.ActiveCfg = Release|x86
		{68450A11-418C-445F-B6A7-1C484FA6DA5B}.Release|x86.Build.0 = Release|x86
		{ACC13D1D-E5E5-4EC3-AE95-77BB6DB20FC3}.Debug|Any CPU.ActiveCfg = Debug|x86
		{ACC13D1D-E5E5-4EC3-AE95-77BB6DB20FC3}.Debug|x86.ActiveCfg = Debug|x86
		{ACC13D1D-E5E5-4EC3-AE95-77BB6DB20FC3}.Debug|x86.Build.0 = Debug|x86
		{ACC13D1D-E5E5-4EC3-AE95-77BB6DB20FC3}.Release|Any CPU.ActiveCfg = Release|x86
		{ACC13D1D-E5E5-4EC3-AE95-77BB6DB20FC3}.Release|x86.ActiveCfg = Release|x86
		{ACC13D1D-E5E5-4EC3-AE95-77BB6DB20FC3}.Release|x86.Build.0 = Release|x86
		{72B17079-B4A1-4C1B-B731-E99B4DBB3937}.Debug|Any CPU.ActiveCfg = Debug|Any CPU
		{72B17079-B4A1-4C1B-B731-E99B4DBB3937}.Debug|Any CPU.Build.0 = Debug|Any CPU
		{72B17079-B4A1-4C1B-B731-E99B4DBB3937}.Debug|x86.ActiveCfg = Debug|Any CPU
		{72B17079-B4A1-4C1B-B731-E99B4DBB3937}.Debug|x86.Build.0 = Debug|Any CPU
		{72B17079-B4A1-4C1B-B731-E99B4DBB3937}.Release|Any CPU.ActiveCfg = Release|Any CPU
		{72B17079-B4A1-4C1B-B731-E99B4DBB3937}.Release|Any CPU.Build.0 = Release|Any CPU
		{72B17079-B4A1-4C1B-B731-E99B4DBB3937}.Release|x86.ActiveCfg = Release|Any CPU
		{72B17079-B4A1-4C1B-B731-E99B4DBB3937}.Release|x86.Build.0 = Release|Any CPU
		{3EDDBE57-BED2-42E7-B785-80C2E8573B8D}.Debug|Any CPU.ActiveCfg = Debug|Any CPU
		{3EDDBE57-BED2-42E7-B785-80C2E8573B8D}.Debug|Any CPU.Build.0 = Debug|Any CPU
		{3EDDBE57-BED2-42E7-B785-80C2E8573B8D}.Debug|x86.ActiveCfg = Debug|Any CPU
		{3EDDBE57-BED2-42E7-B785-80C2E8573B8D}.Debug|x86.Build.0 = Debug|Any CPU
		{3EDDBE57-BED2-42E7-B785-80C2E8573B8D}.Release|Any CPU.ActiveCfg = Release|Any CPU
		{3EDDBE57-BED2-42E7-B785-80C2E8573B8D}.Release|Any CPU.Build.0 = Release|Any CPU
		{3EDDBE57-BED2-42E7-B785-80C2E8573B8D}.Release|x86.ActiveCfg = Release|Any CPU
		{3EDDBE57-BED2-42E7-B785-80C2E8573B8D}.Release|x86.Build.0 = Release|Any CPU
		{0A6B61D6-9978-4330-A06D-A0A231E685A3}.Debug|Any CPU.ActiveCfg = Debug|Any CPU
		{0A6B61D6-9978-4330-A06D-A0A231E685A3}.Debug|Any CPU.Build.0 = Debug|Any CPU
		{0A6B61D6-9978-4330-A06D-A0A231E685A3}.Debug|x86.ActiveCfg = Debug|Any CPU
		{0A6B61D6-9978-4330-A06D-A0A231E685A3}.Debug|x86.Build.0 = Debug|Any CPU
		{0A6B61D6-9978-4330-A06D-A0A231E685A3}.Release|Any CPU.ActiveCfg = Release|Any CPU
		{0A6B61D6-9978-4330-A06D-A0A231E685A3}.Release|Any CPU.Build.0 = Release|Any CPU
		{0A6B61D6-9978-4330-A06D-A0A231E685A3}.Release|x86.ActiveCfg = Release|Any CPU
		{0A6B61D6-9978-4330-A06D-A0A231E685A3}.Release|x86.Build.0 = Release|Any CPU
		{12F865AB-88FE-4D76-B8F4-26BE225651A6}.Debug|Any CPU.ActiveCfg = Debug|Any CPU
		{12F865AB-88FE-4D76-B8F4-26BE225651A6}.Debug|Any CPU.Build.0 = Debug|Any CPU
		{12F865AB-88FE-4D76-B8F4-26BE225651A6}.Debug|x86.ActiveCfg = Debug|Any CPU
		{12F865AB-88FE-4D76-B8F4-26BE225651A6}.Debug|x86.Build.0 = Debug|Any CPU
		{12F865AB-88FE-4D76-B8F4-26BE225651A6}.Release|Any CPU.ActiveCfg = Release|Any CPU
		{12F865AB-88FE-4D76-B8F4-26BE225651A6}.Release|Any CPU.Build.0 = Release|Any CPU
		{12F865AB-88FE-4D76-B8F4-26BE225651A6}.Release|x86.ActiveCfg = Release|Any CPU
		{12F865AB-88FE-4D76-B8F4-26BE225651A6}.Release|x86.Build.0 = Release|Any CPU
		{085760B4-BCBB-4214-A0E2-96693F52BD4C}.Debug|Any CPU.ActiveCfg = Debug|Any CPU
		{085760B4-BCBB-4214-A0E2-96693F52BD4C}.Debug|Any CPU.Build.0 = Debug|Any CPU
		{085760B4-BCBB-4214-A0E2-96693F52BD4C}.Debug|x86.ActiveCfg = Debug|Any CPU
		{085760B4-BCBB-4214-A0E2-96693F52BD4C}.Debug|x86.Build.0 = Debug|Any CPU
		{085760B4-BCBB-4214-A0E2-96693F52BD4C}.Release|Any CPU.ActiveCfg = Release|Any CPU
		{085760B4-BCBB-4214-A0E2-96693F52BD4C}.Release|Any CPU.Build.0 = Release|Any CPU
		{085760B4-BCBB-4214-A0E2-96693F52BD4C}.Release|x86.ActiveCfg = Release|Any CPU
		{085760B4-BCBB-4214-A0E2-96693F52BD4C}.Release|x86.Build.0 = Release|Any CPU
		{F7AEF38C-5CCA-47F1-9E60-EC693535756F}.Debug|Any CPU.ActiveCfg = Debug|Any CPU
		{F7AEF38C-5CCA-47F1-9E60-EC693535756F}.Debug|Any CPU.Build.0 = Debug|Any CPU
		{F7AEF38C-5CCA-47F1-9E60-EC693535756F}.Debug|x86.ActiveCfg = Debug|Any CPU
		{F7AEF38C-5CCA-47F1-9E60-EC693535756F}.Debug|x86.Build.0 = Debug|Any CPU
		{F7AEF38C-5CCA-47F1-9E60-EC693535756F}.Release|Any CPU.ActiveCfg = Release|Any CPU
		{F7AEF38C-5CCA-47F1-9E60-EC693535756F}.Release|Any CPU.Build.0 = Release|Any CPU
		{F7AEF38C-5CCA-47F1-9E60-EC693535756F}.Release|x86.ActiveCfg = Release|Any CPU
		{F7AEF38C-5CCA-47F1-9E60-EC693535756F}.Release|x86.Build.0 = Release|Any CPU
		{62AD6E39-81DE-4CFE-9176-338BFF416B27}.Debug|Any CPU.ActiveCfg = Debug|Any CPU
		{62AD6E39-81DE-4CFE-9176-338BFF416B27}.Debug|Any CPU.Build.0 = Debug|Any CPU
		{62AD6E39-81DE-4CFE-9176-338BFF416B27}.Debug|x86.ActiveCfg = Debug|Any CPU
		{62AD6E39-81DE-4CFE-9176-338BFF416B27}.Debug|x86.Build.0 = Debug|Any CPU
		{62AD6E39-81DE-4CFE-9176-338BFF416B27}.Release|Any CPU.ActiveCfg = Release|Any CPU
		{62AD6E39-81DE-4CFE-9176-338BFF416B27}.Release|Any CPU.Build.0 = Release|Any CPU
		{62AD6E39-81DE-4CFE-9176-338BFF416B27}.Release|x86.ActiveCfg = Release|Any CPU
		{62AD6E39-81DE-4CFE-9176-338BFF416B27}.Release|x86.Build.0 = Release|Any CPU
		{E17101C0-8AF1-4BC6-B020-957C5E308269}.Debug|Any CPU.ActiveCfg = Debug|Any CPU
		{E17101C0-8AF1-4BC6-B020-957C5E308269}.Debug|Any CPU.Build.0 = Debug|Any CPU
		{E17101C0-8AF1-4BC6-B020-957C5E308269}.Debug|x86.ActiveCfg = Debug|Any CPU
		{E17101C0-8AF1-4BC6-B020-957C5E308269}.Debug|x86.Build.0 = Debug|Any CPU
		{E17101C0-8AF1-4BC6-B020-957C5E308269}.Release|Any CPU.ActiveCfg = Release|Any CPU
		{E17101C0-8AF1-4BC6-B020-957C5E308269}.Release|Any CPU.Build.0 = Release|Any CPU
		{E17101C0-8AF1-4BC6-B020-957C5E308269}.Release|x86.ActiveCfg = Release|Any CPU
		{E17101C0-8AF1-4BC6-B020-957C5E308269}.Release|x86.Build.0 = Release|Any CPU
		{FD4A877B-537D-4B47-9549-571DE53ED669}.Debug|Any CPU.ActiveCfg = Debug|Any CPU
		{FD4A877B-537D-4B47-9549-571DE53ED669}.Debug|Any CPU.Build.0 = Debug|Any CPU
		{FD4A877B-537D-4B47-9549-571DE53ED669}.Debug|x86.ActiveCfg = Debug|Any CPU
		{FD4A877B-537D-4B47-9549-571DE53ED669}.Debug|x86.Build.0 = Debug|Any CPU
		{FD4A877B-537D-4B47-9549-571DE53ED669}.Release|Any CPU.ActiveCfg = Release|Any CPU
		{FD4A877B-537D-4B47-9549-571DE53ED669}.Release|Any CPU.Build.0 = Release|Any CPU
		{FD4A877B-537D-4B47-9549-571DE53ED669}.Release|x86.ActiveCfg = Release|Any CPU
		{FD4A877B-537D-4B47-9549-571DE53ED669}.Release|x86.Build.0 = Release|Any CPU
		{B0ACF8D9-701E-4941-A2EE-4736BF4526AD}.Debug|Any CPU.ActiveCfg = Debug|Any CPU
		{B0ACF8D9-701E-4941-A2EE-4736BF4526AD}.Debug|Any CPU.Build.0 = Debug|Any CPU
		{B0ACF8D9-701E-4941-A2EE-4736BF4526AD}.Debug|x86.ActiveCfg = Debug|Any CPU
		{B0ACF8D9-701E-4941-A2EE-4736BF4526AD}.Debug|x86.Build.0 = Debug|Any CPU
		{B0ACF8D9-701E-4941-A2EE-4736BF4526AD}.Release|Any CPU.ActiveCfg = Release|Any CPU
		{B0ACF8D9-701E-4941-A2EE-4736BF4526AD}.Release|Any CPU.Build.0 = Release|Any CPU
		{B0ACF8D9-701E-4941-A2EE-4736BF4526AD}.Release|x86.ActiveCfg = Release|Any CPU
		{B0ACF8D9-701E-4941-A2EE-4736BF4526AD}.Release|x86.Build.0 = Release|Any CPU
	EndGlobalSection
	GlobalSection(SolutionProperties) = preSolution
		HideSolutionNode = FALSE
	EndGlobalSection
	GlobalSection(ExtensibilityGlobals) = postSolution
		SolutionGuid = {E8BC3049-8F5C-4EBD-AC87-6157E5AF4CAE}
	EndGlobalSection
EndGlobal
