
Microsoft Visual Studio Solution File, Format Version 12.00
# Visual Studio 2012
Project("{FAE04EC0-301F-11D3-BF4B-00C04F79EFBC}") = "002-Stack", "002-Stack\002-Stack.csproj", "{AEDBE69A-14CF-4440-B595-3B8696B1F6B9}"
EndProject
Project("{FAE04EC0-301F-11D3-BF4B-00C04F79EFBC}") = "003-Queue", "003-Queue\003-Queue.csproj", "{3606BD46-81E3-40A0-8622-524DE8F073EF}"
EndProject
Project("{FAE04EC0-301F-11D3-BF4B-00C04F79EFBC}") = "004-String", "004-String\004-String.csproj", "{60C379FB-9379-4461-8E59-180EFB123BDC}"
EndProject
Project("{FAE04EC0-301F-11D3-BF4B-00C04F79EFBC}") = "001-List", "001-List\001-List.csproj", "{6526BC74-E4F8-48AD-83FE-F74B987A102A}"
EndProject
Project("{FAE04EC0-301F-11D3-BF4B-00C04F79EFBC}") = "005-InsertSort", "005-InsertSort\005-InsertSort.csproj", "{E933800D-C22B-4607-9185-D5933E5FE188}"
EndProject
Project("{FAE04EC0-301F-11D3-BF4B-00C04F79EFBC}") = "006-SelectSort", "006-SelectSort\006-SelectSort.csproj", "{218372CF-7ACA-4E2A-A4C8-A723347D4F20}"
EndProject
Project("{FAE04EC0-301F-11D3-BF4B-00C04F79EFBC}") = "007-QuickSort", "007-QuickSort\007-QuickSort.csproj", "{BE08A10E-EF27-47ED-8CBF-6D9515803E62}"
EndProject
Project("{FAE04EC0-301F-11D3-BF4B-00C04F79EFBC}") = "ProgrammingQuestions", "ProgrammingQuestions\ProgrammingQuestions.csproj", "{0CA46F69-A13C-454F-A0EE-261D12C28D31}"
EndProject
Global
	GlobalSection(SolutionConfigurationPlatforms) = preSolution
		Debug|x86 = Debug|x86
		Release|x86 = Release|x86
	EndGlobalSection
	GlobalSection(ProjectConfigurationPlatforms) = postSolution
		{AEDBE69A-14CF-4440-B595-3B8696B1F6B9}.Debug|x86.ActiveCfg = Debug|x86
		{AEDBE69A-14CF-4440-B595-3B8696B1F6B9}.Debug|x86.Build.0 = Debug|x86
		{AEDBE69A-14CF-4440-B595-3B8696B1F6B9}.Release|x86.ActiveCfg = Release|x86
		{AEDBE69A-14CF-4440-B595-3B8696B1F6B9}.Release|x86.Build.0 = Release|x86
		{3606BD46-81E3-40A0-8622-524DE8F073EF}.Debug|x86.ActiveCfg = Debug|x86
		{3606BD46-81E3-40A0-8622-524DE8F073EF}.Debug|x86.Build.0 = Debug|x86
		{3606BD46-81E3-40A0-8622-524DE8F073EF}.Release|x86.ActiveCfg = Release|x86
		{3606BD46-81E3-40A0-8622-524DE8F073EF}.Release|x86.Build.0 = Release|x86
		{60C379FB-9379-4461-8E59-180EFB123BDC}.Debug|x86.ActiveCfg = Debug|x86
		{60C379FB-9379-4461-8E59-180EFB123BDC}.Debug|x86.Build.0 = Debug|x86
		{60C379FB-9379-4461-8E59-180EFB123BDC}.Release|x86.ActiveCfg = Release|x86
		{60C379FB-9379-4461-8E59-180EFB123BDC}.Release|x86.Build.0 = Release|x86
		{6526BC74-E4F8-48AD-83FE-F74B987A102A}.Debug|x86.ActiveCfg = Debug|x86
		{6526BC74-E4F8-48AD-83FE-F74B987A102A}.Debug|x86.Build.0 = Debug|x86
		{6526BC74-E4F8-48AD-83FE-F74B987A102A}.Release|x86.ActiveCfg = Release|x86
		{6526BC74-E4F8-48AD-83FE-F74B987A102A}.Release|x86.Build.0 = Release|x86
		{E933800D-C22B-4607-9185-D5933E5FE188}.Debug|x86.ActiveCfg = Debug|x86
		{E933800D-C22B-4607-9185-D5933E5FE188}.Debug|x86.Build.0 = Debug|x86
		{E933800D-C22B-4607-9185-D5933E5FE188}.Release|x86.ActiveCfg = Release|x86
		{E933800D-C22B-4607-9185-D5933E5FE188}.Release|x86.Build.0 = Release|x86
		{218372CF-7ACA-4E2A-A4C8-A723347D4F20}.Debug|x86.ActiveCfg = Debug|x86
		{218372CF-7ACA-4E2A-A4C8-A723347D4F20}.Debug|x86.Build.0 = Debug|x86
		{218372CF-7ACA-4E2A-A4C8-A723347D4F20}.Release|x86.ActiveCfg = Release|x86
		{218372CF-7ACA-4E2A-A4C8-A723347D4F20}.Release|x86.Build.0 = Release|x86
		{BE08A10E-EF27-47ED-8CBF-6D9515803E62}.Debug|x86.ActiveCfg = Debug|x86
		{BE08A10E-EF27-47ED-8CBF-6D9515803E62}.Debug|x86.Build.0 = Debug|x86
		{BE08A10E-EF27-47ED-8CBF-6D9515803E62}.Release|x86.ActiveCfg = Release|x86
		{BE08A10E-EF27-47ED-8CBF-6D9515803E62}.Release|x86.Build.0 = Release|x86
		{0CA46F69-A13C-454F-A0EE-261D12C28D31}.Debug|x86.ActiveCfg = Debug|x86
		{0CA46F69-A13C-454F-A0EE-261D12C28D31}.Debug|x86.Build.0 = Debug|x86
		{0CA46F69-A13C-454F-A0EE-261D12C28D31}.Release|x86.ActiveCfg = Release|x86
		{0CA46F69-A13C-454F-A0EE-261D12C28D31}.Release|x86.Build.0 = Release|x86
	EndGlobalSection
EndGlobal
